
Microsoft Visual Studio Solution File, Format Version 12.00
# Visual Studio 15
Project("{FAE04EC0-301F-11D3-BF4B-00C04F79EFBC}") = "Task3", "Task3\Task3.csproj", "{D965FF27-0252-42D1-904B-B540C91BE524}"
EndProject
Global
	GlobalSection(SolutionConfigurationPlatforms) = preSolution
		Debug|x86 = Debug|x86
		Release|x86 = Release|x86
	EndGlobalSection
	GlobalSection(ProjectConfigurationPlatforms) = postSolution
		{D965FF27-0252-42D1-904B-B540C91BE524}.Debug|x86.ActiveCfg = Debug|x86
		{D965FF27-0252-42D1-904B-B540C91BE524}.Debug|x86.Build.0 = Debug|x86
		{D965FF27-0252-42D1-904B-B540C91BE524}.Release|x86.ActiveCfg = Release|x86
		{D965FF27-0252-42D1-904B-B540C91BE524}.Release|x86.Build.0 = Release|x86
	EndGlobalSection
EndGlobal
